
Microsoft Visual Studio Solution File, Format Version 12.00
# Visual Studio 15
VisualStudioVersion = 15.0.26430.14
MinimumVisualStudioVersion = 10.0.40219.1
Project("{9A19103F-16F7-4668-BE54-9A1E7A4F7556}") = "FrameworkBiscuitStoreWeb", "FrameworkBiscuitStoreWeb\FrameworkBiscuitStoreWeb.csproj", "{C9077DCE-BBF9-4430-8F15-26292B9522AD}"
EndProject
Project("{9A19103F-16F7-4668-BE54-9A1E7A4F7556}") = "Data", "Data\Data.csproj", "{2BFC3561-701F-4E19-B0C1-5EED7D735374}"
EndProject
Project("{FAE04EC0-301F-11D3-BF4B-00C04F79EFBC}") = "DataTests", "DataTests\DataTests.csproj", "{BAE7AD93-2023-4CD8-BB15-7C376B9B7536}"
EndProject
Global
	GlobalSection(SolutionConfigurationPlatforms) = preSolution
		Debug|Any CPU = Debug|Any CPU
		Release|Any CPU = Release|Any CPU
	EndGlobalSection
	GlobalSection(ProjectConfigurationPlatforms) = postSolution
		{C9077DCE-BBF9-4430-8F15-26292B9522AD}.Debug|Any CPU.ActiveCfg = Debug|Any CPU
		{C9077DCE-BBF9-4430-8F15-26292B9522AD}.Debug|Any CPU.Build.0 = Debug|Any CPU
		{C9077DCE-BBF9-4430-8F15-26292B9522AD}.Release|Any CPU.ActiveCfg = Release|Any CPU
		{C9077DCE-BBF9-4430-8F15-26292B9522AD}.Release|Any CPU.Build.0 = Release|Any CPU
		{2BFC3561-701F-4E19-B0C1-5EED7D735374}.Debug|Any CPU.ActiveCfg = Debug|Any CPU
		{2BFC3561-701F-4E19-B0C1-5EED7D735374}.Debug|Any CPU.Build.0 = Debug|Any CPU
		{2BFC3561-701F-4E19-B0C1-5EED7D735374}.Release|Any CPU.ActiveCfg = Release|Any CPU
		{2BFC3561-701F-4E19-B0C1-5EED7D735374}.Release|Any CPU.Build.0 = Release|Any CPU
		{BAE7AD93-2023-4CD8-BB15-7C376B9B7536}.Debug|Any CPU.ActiveCfg = Debug|Any CPU
		{BAE7AD93-2023-4CD8-BB15-7C376B9B7536}.Debug|Any CPU.Build.0 = Debug|Any CPU
		{BAE7AD93-2023-4CD8-BB15-7C376B9B7536}.Release|Any CPU.ActiveCfg = Release|Any CPU
		{BAE7AD93-2023-4CD8-BB15-7C376B9B7536}.Release|Any CPU.Build.0 = Release|Any CPU
	EndGlobalSection
	GlobalSection(SolutionProperties) = preSolution
		HideSolutionNode = FALSE
	EndGlobalSection
EndGlobal
